// !$*UTF8*$!
{
	archiveVersion = 1;
	classes = {
	};
	objectVersion = 46;
	objects = {

/* Begin PBXBuildFile section */
		835710E417E18FDF004C8155 /* UIKit.framework in Frameworks */ = {isa = PBXBuildFile; fileRef = 835710E317E18FDF004C8155 /* UIKit.framework */; };
		835710E617E18FDF004C8155 /* Foundation.framework in Frameworks */ = {isa = PBXBuildFile; fileRef = 835710E517E18FDF004C8155 /* Foundation.framework */; };
		835710E817E18FDF004C8155 /* CoreGraphics.framework in Frameworks */ = {isa = PBXBuildFile; fileRef = 835710E717E18FDF004C8155 /* CoreGraphics.framework */; };
		835710EE17E18FDF004C8155 /* InfoPlist.strings in Resources */ = {isa = PBXBuildFile; fileRef = 835710EC17E18FDF004C8155 /* InfoPlist.strings */; };
		835710F017E18FDF004C8155 /* main.m in Sources */ = {isa = PBXBuildFile; fileRef = 835710EF17E18FDF004C8155 /* main.m */; };
		835710F417E18FDF004C8155 /* CXAppDelegate.m in Sources */ = {isa = PBXBuildFile; fileRef = 835710F317E18FDF004C8155 /* CXAppDelegate.m */; };
		835710F617E18FDF004C8155 /* Default.png in Resources */ = {isa = PBXBuildFile; fileRef = 835710F517E18FDF004C8155 /* Default.png */; };
		835710F817E18FDF004C8155 /* Default@2x.png in Resources */ = {isa = PBXBuildFile; fileRef = 835710F717E18FDF004C8155 /* Default@2x.png */; };
		835710FA17E18FDF004C8155 /* Default-568h@2x.png in Resources */ = {isa = PBXBuildFile; fileRef = 835710F917E18FDF004C8155 /* Default-568h@2x.png */; };
		835710FD17E18FDF004C8155 /* CXViewController.m in Sources */ = {isa = PBXBuildFile; fileRef = 835710FC17E18FDF004C8155 /* CXViewController.m */; };
		8357110017E18FDF004C8155 /* CXViewController.xib in Resources */ = {isa = PBXBuildFile; fileRef = 835710FE17E18FDF004C8155 /* CXViewController.xib */; };
		8357110917E1917D004C8155 /* CXAlertView.m in Sources */ = {isa = PBXBuildFile; fileRef = 8357110817E1917D004C8155 /* CXAlertView.m */; };
		8357116C17E1A745004C8155 /* QuartzCore.framework in Frameworks */ = {isa = PBXBuildFile; fileRef = 8357116B17E1A745004C8155 /* QuartzCore.framework */; };
		8373C0D51803702200777B0D /* LFDisplayBridge.m in Sources */ = {isa = PBXBuildFile; fileRef = 8373C0D11803702200777B0D /* LFDisplayBridge.m */; };
		8373C0D61803702200777B0D /* LFGlassView.m in Sources */ = {isa = PBXBuildFile; fileRef = 8373C0D31803702200777B0D /* LFGlassView.m */; };
		83AB028817F2A551005E51C4 /* CXAlertButtonContainerView.m in Sources */ = {isa = PBXBuildFile; fileRef = 83AB028717F2A551005E51C4 /* CXAlertButtonContainerView.m */; };
		83AB028A17F2C26E005E51C4 /* bkg.png in Resources */ = {isa = PBXBuildFile; fileRef = 83AB028917F2C26E005E51C4 /* bkg.png */; };
		83AB028C17F2C439005E51C4 /* taipei101.jpg in Resources */ = {isa = PBXBuildFile; fileRef = 83AB028B17F2C439005E51C4 /* taipei101.jpg */; };
		83B3A84417E9B18D001BCBC6 /* CXAlertViewController.m in Sources */ = {isa = PBXBuildFile; fileRef = 83B3A84317E9B18D001BCBC6 /* CXAlertViewController.m */; };
		83B3A84717E9B19E001BCBC6 /* CXAlertBackgroundWindow.m in Sources */ = {isa = PBXBuildFile; fileRef = 83B3A84617E9B19E001BCBC6 /* CXAlertBackgroundWindow.m */; };
		83B3A84A17E9B1A7001BCBC6 /* CXAlertButtonItem.m in Sources */ = {isa = PBXBuildFile; fileRef = 83B3A84917E9B1A7001BCBC6 /* CXAlertButtonItem.m */; };
		83E10DD517F53A5500BC5D18 /* Accelerate.framework in Frameworks */ = {isa = PBXBuildFile; fileRef = 83E10DD417F53A5500BC5D18 /* Accelerate.framework */; };
		83E10DD717F549F400BC5D18 /* bkg2.jpg in Resources */ = {isa = PBXBuildFile; fileRef = 83E10DD617F549F400BC5D18 /* bkg2.jpg */; };
/* End PBXBuildFile section */

/* Begin PBXFileReference section */
		835710E017E18FDF004C8155 /* CXAlertViewDemo.app */ = {isa = PBXFileReference; explicitFileType = wrapper.application; includeInIndex = 0; path = CXAlertViewDemo.app; sourceTree = BUILT_PRODUCTS_DIR; };
		835710E317E18FDF004C8155 /* UIKit.framework */ = {isa = PBXFileReference; lastKnownFileType = wrapper.framework; name = UIKit.framework; path = System/Library/Frameworks/UIKit.framework; sourceTree = SDKROOT; };
		835710E517E18FDF004C8155 /* Foundation.framework */ = {isa = PBXFileReference; lastKnownFileType = wrapper.framework; name = Foundation.framework; path = System/Library/Frameworks/Foundation.framework; sourceTree = SDKROOT; };
		835710E717E18FDF004C8155 /* CoreGraphics.framework */ = {isa = PBXFileReference; lastKnownFileType = wrapper.framework; name = CoreGraphics.framework; path = System/Library/Frameworks/CoreGraphics.framework; sourceTree = SDKROOT; };
		835710EB17E18FDF004C8155 /* CXAlertViewDemo-Info.plist */ = {isa = PBXFileReference; lastKnownFileType = text.plist.xml; path = "CXAlertViewDemo-Info.plist"; sourceTree = "<group>"; };
		835710ED17E18FDF004C8155 /* en */ = {isa = PBXFileReference; lastKnownFileType = text.plist.strings; name = en; path = en.lproj/InfoPlist.strings; sourceTree = "<group>"; };
		835710EF17E18FDF004C8155 /* main.m */ = {isa = PBXFileReference; lastKnownFileType = sourcecode.c.objc; path = main.m; sourceTree = "<group>"; };
		835710F117E18FDF004C8155 /* CXAlertViewDemo-Prefix.pch */ = {isa = PBXFileReference; lastKnownFileType = sourcecode.c.h; path = "CXAlertViewDemo-Prefix.pch"; sourceTree = "<group>"; };
		835710F217E18FDF004C8155 /* CXAppDelegate.h */ = {isa = PBXFileReference; lastKnownFileType = sourcecode.c.h; path = CXAppDelegate.h; sourceTree = "<group>"; };
		835710F317E18FDF004C8155 /* CXAppDelegate.m */ = {isa = PBXFileReference; lastKnownFileType = sourcecode.c.objc; path = CXAppDelegate.m; sourceTree = "<group>"; };
		835710F517E18FDF004C8155 /* Default.png */ = {isa = PBXFileReference; lastKnownFileType = image.png; path = Default.png; sourceTree = "<group>"; };
		835710F717E18FDF004C8155 /* Default@2x.png */ = {isa = PBXFileReference; lastKnownFileType = image.png; path = "Default@2x.png"; sourceTree = "<group>"; };
		835710F917E18FDF004C8155 /* Default-568h@2x.png */ = {isa = PBXFileReference; lastKnownFileType = image.png; path = "Default-568h@2x.png"; sourceTree = "<group>"; };
		835710FB17E18FDF004C8155 /* CXViewController.h */ = {isa = PBXFileReference; lastKnownFileType = sourcecode.c.h; path = CXViewController.h; sourceTree = "<group>"; };
		835710FC17E18FDF004C8155 /* CXViewController.m */ = {isa = PBXFileReference; lastKnownFileType = sourcecode.c.objc; path = CXViewController.m; sourceTree = "<group>"; };
		835710FF17E18FDF004C8155 /* en */ = {isa = PBXFileReference; lastKnownFileType = file.xib; name = en; path = en.lproj/CXViewController.xib; sourceTree = "<group>"; };
		8357110717E1917D004C8155 /* CXAlertView.h */ = {isa = PBXFileReference; fileEncoding = 4; lastKnownFileType = sourcecode.c.h; path = CXAlertView.h; sourceTree = "<group>"; };
		8357110817E1917D004C8155 /* CXAlertView.m */ = {isa = PBXFileReference; fileEncoding = 4; lastKnownFileType = sourcecode.c.objc; path = CXAlertView.m; sourceTree = "<group>"; };
		8357116B17E1A745004C8155 /* QuartzCore.framework */ = {isa = PBXFileReference; lastKnownFileType = wrapper.framework; name = QuartzCore.framework; path = System/Library/Frameworks/QuartzCore.framework; sourceTree = SDKROOT; };
		8373C0D01803702200777B0D /* LFDisplayBridge.h */ = {isa = PBXFileReference; fileEncoding = 4; lastKnownFileType = sourcecode.c.h; path = LFDisplayBridge.h; sourceTree = "<group>"; };
		8373C0D11803702200777B0D /* LFDisplayBridge.m */ = {isa = PBXFileReference; fileEncoding = 4; lastKnownFileType = sourcecode.c.objc; path = LFDisplayBridge.m; sourceTree = "<group>"; };
		8373C0D21803702200777B0D /* LFGlassView.h */ = {isa = PBXFileReference; fileEncoding = 4; lastKnownFileType = sourcecode.c.h; path = LFGlassView.h; sourceTree = "<group>"; };
		8373C0D31803702200777B0D /* LFGlassView.m */ = {isa = PBXFileReference; fileEncoding = 4; lastKnownFileType = sourcecode.c.objc; path = LFGlassView.m; sourceTree = "<group>"; };
		8373C0D41803702200777B0D /* LiveFrost.h */ = {isa = PBXFileReference; fileEncoding = 4; lastKnownFileType = sourcecode.c.h; path = LiveFrost.h; sourceTree = "<group>"; };
		83AB028617F2A551005E51C4 /* CXAlertButtonContainerView.h */ = {isa = PBXFileReference; fileEncoding = 4; lastKnownFileType = sourcecode.c.h; path = CXAlertButtonContainerView.h; sourceTree = "<group>"; };
		83AB028717F2A551005E51C4 /* CXAlertButtonContainerView.m */ = {isa = PBXFileReference; fileEncoding = 4; lastKnownFileType = sourcecode.c.objc; path = CXAlertButtonContainerView.m; sourceTree = "<group>"; };
		83AB028917F2C26E005E51C4 /* bkg.png */ = {isa = PBXFileReference; lastKnownFileType = image.png; path = bkg.png; sourceTree = "<group>"; };
		83AB028B17F2C439005E51C4 /* taipei101.jpg */ = {isa = PBXFileReference; lastKnownFileType = image.jpeg; path = taipei101.jpg; sourceTree = "<group>"; };
		83B3A84217E9B18D001BCBC6 /* CXAlertViewController.h */ = {isa = PBXFileReference; fileEncoding = 4; lastKnownFileType = sourcecode.c.h; path = CXAlertViewController.h; sourceTree = "<group>"; };
		83B3A84317E9B18D001BCBC6 /* CXAlertViewController.m */ = {isa = PBXFileReference; fileEncoding = 4; lastKnownFileType = sourcecode.c.objc; path = CXAlertViewController.m; sourceTree = "<group>"; };
		83B3A84517E9B19E001BCBC6 /* CXAlertBackgroundWindow.h */ = {isa = PBXFileReference; fileEncoding = 4; lastKnownFileType = sourcecode.c.h; path = CXAlertBackgroundWindow.h; sourceTree = "<group>"; };
		83B3A84617E9B19E001BCBC6 /* CXAlertBackgroundWindow.m */ = {isa = PBXFileReference; fileEncoding = 4; lastKnownFileType = sourcecode.c.objc; path = CXAlertBackgroundWindow.m; sourceTree = "<group>"; };
		83B3A84817E9B1A7001BCBC6 /* CXAlertButtonItem.h */ = {isa = PBXFileReference; fileEncoding = 4; lastKnownFileType = sourcecode.c.h; path = CXAlertButtonItem.h; sourceTree = "<group>"; };
		83B3A84917E9B1A7001BCBC6 /* CXAlertButtonItem.m */ = {isa = PBXFileReference; fileEncoding = 4; lastKnownFileType = sourcecode.c.objc; path = CXAlertButtonItem.m; sourceTree = "<group>"; };
		83E10DD417F53A5500BC5D18 /* Accelerate.framework */ = {isa = PBXFileReference; lastKnownFileType = wrapper.framework; name = Accelerate.framework; path = System/Library/Frameworks/Accelerate.framework; sourceTree = SDKROOT; };
		83E10DD617F549F400BC5D18 /* bkg2.jpg */ = {isa = PBXFileReference; lastKnownFileType = image.jpeg; path = bkg2.jpg; sourceTree = "<group>"; };
		C3D7F4FA1865D0380006AF76 /* CXAlertViewDelegate.h */ = {isa = PBXFileReference; fileEncoding = 4; lastKnownFileType = sourcecode.c.h; path = CXAlertViewDelegate.h; sourceTree = "<group>"; };
/* End PBXFileReference section */

/* Begin PBXFrameworksBuildPhase section */
		835710DD17E18FDF004C8155 /* Frameworks */ = {
			isa = PBXFrameworksBuildPhase;
			buildActionMask = 2147483647;
			files = (
				83E10DD517F53A5500BC5D18 /* Accelerate.framework in Frameworks */,
				8357116C17E1A745004C8155 /* QuartzCore.framework in Frameworks */,
				835710E417E18FDF004C8155 /* UIKit.framework in Frameworks */,
				835710E617E18FDF004C8155 /* Foundation.framework in Frameworks */,
				835710E817E18FDF004C8155 /* CoreGraphics.framework in Frameworks */,
			);
			runOnlyForDeploymentPostprocessing = 0;
		};
/* End PBXFrameworksBuildPhase section */

/* Begin PBXGroup section */
		835710D717E18FDF004C8155 = {
			isa = PBXGroup;
			children = (
				835710E917E18FDF004C8155 /* CXAlertViewDemo */,
				835710E217E18FDF004C8155 /* Frameworks */,
				835710E117E18FDF004C8155 /* Products */,
			);
			sourceTree = "<group>";
		};
		835710E117E18FDF004C8155 /* Products */ = {
			isa = PBXGroup;
			children = (
				835710E017E18FDF004C8155 /* CXAlertViewDemo.app */,
			);
			name = Products;
			sourceTree = "<group>";
		};
		835710E217E18FDF004C8155 /* Frameworks */ = {
			isa = PBXGroup;
			children = (
				83E10DD417F53A5500BC5D18 /* Accelerate.framework */,
				8357116B17E1A745004C8155 /* QuartzCore.framework */,
				835710E317E18FDF004C8155 /* UIKit.framework */,
				835710E517E18FDF004C8155 /* Foundation.framework */,
				835710E717E18FDF004C8155 /* CoreGraphics.framework */,
			);
			name = Frameworks;
			sourceTree = "<group>";
		};
		835710E917E18FDF004C8155 /* CXAlertViewDemo */ = {
			isa = PBXGroup;
			children = (
				8357110617E18FFD004C8155 /* CXAlertView */,
				835710F217E18FDF004C8155 /* CXAppDelegate.h */,
				835710F317E18FDF004C8155 /* CXAppDelegate.m */,
				835710FB17E18FDF004C8155 /* CXViewController.h */,
				835710FC17E18FDF004C8155 /* CXViewController.m */,
				835710FE17E18FDF004C8155 /* CXViewController.xib */,
				835710EA17E18FDF004C8155 /* Supporting Files */,
			);
			path = CXAlertViewDemo;
			sourceTree = "<group>";
		};
		835710EA17E18FDF004C8155 /* Supporting Files */ = {
			isa = PBXGroup;
			children = (
				83AB028917F2C26E005E51C4 /* bkg.png */,
				83E10DD617F549F400BC5D18 /* bkg2.jpg */,
				83AB028B17F2C439005E51C4 /* taipei101.jpg */,
				835710EB17E18FDF004C8155 /* CXAlertViewDemo-Info.plist */,
				835710EC17E18FDF004C8155 /* InfoPlist.strings */,
				835710EF17E18FDF004C8155 /* main.m */,
				835710F117E18FDF004C8155 /* CXAlertViewDemo-Prefix.pch */,
				835710F517E18FDF004C8155 /* Default.png */,
				835710F717E18FDF004C8155 /* Default@2x.png */,
				835710F917E18FDF004C8155 /* Default-568h@2x.png */,
			);
			name = "Supporting Files";
			sourceTree = "<group>";
		};
		8357110617E18FFD004C8155 /* CXAlertView */ = {
			isa = PBXGroup;
			children = (
				8373C0D01803702200777B0D /* LFDisplayBridge.h */,
				8373C0D11803702200777B0D /* LFDisplayBridge.m */,
				8373C0D21803702200777B0D /* LFGlassView.h */,
				8373C0D31803702200777B0D /* LFGlassView.m */,
				8373C0D41803702200777B0D /* LiveFrost.h */,
				83B3A84517E9B19E001BCBC6 /* CXAlertBackgroundWindow.h */,
				83B3A84617E9B19E001BCBC6 /* CXAlertBackgroundWindow.m */,
				83B3A84817E9B1A7001BCBC6 /* CXAlertButtonItem.h */,
				83B3A84917E9B1A7001BCBC6 /* CXAlertButtonItem.m */,
				83AB028617F2A551005E51C4 /* CXAlertButtonContainerView.h */,
				83AB028717F2A551005E51C4 /* CXAlertButtonContainerView.m */,
				83B3A84217E9B18D001BCBC6 /* CXAlertViewController.h */,
				83B3A84317E9B18D001BCBC6 /* CXAlertViewController.m */,
				8357110717E1917D004C8155 /* CXAlertView.h */,
				8357110817E1917D004C8155 /* CXAlertView.m */,
				C3D7F4FA1865D0380006AF76 /* CXAlertViewDelegate.h */,
			);
			name = CXAlertView;
			path = ../../CXAlertView;
			sourceTree = "<group>";
		};
/* End PBXGroup section */

/* Begin PBXNativeTarget section */
		835710DF17E18FDF004C8155 /* CXAlertViewDemo */ = {
			isa = PBXNativeTarget;
			buildConfigurationList = 8357110317E18FDF004C8155 /* Build configuration list for PBXNativeTarget "CXAlertViewDemo" */;
			buildPhases = (
				835710DC17E18FDF004C8155 /* Sources */,
				835710DD17E18FDF004C8155 /* Frameworks */,
				835710DE17E18FDF004C8155 /* Resources */,
			);
			buildRules = (
			);
			dependencies = (
			);
			name = CXAlertViewDemo;
			productName = CXAlertViewDemo;
			productReference = 835710E017E18FDF004C8155 /* CXAlertViewDemo.app */;
			productType = "com.apple.product-type.application";
		};
/* End PBXNativeTarget section */

/* Begin PBXProject section */
		835710D817E18FDF004C8155 /* Project object */ = {
			isa = PBXProject;
			attributes = {
				CLASSPREFIX = CX;
				LastUpgradeCheck = 0460;
				ORGANIZATIONNAME = ChrisXu;
			};
			buildConfigurationList = 835710DB17E18FDF004C8155 /* Build configuration list for PBXProject "CXAlertViewDemo" */;
			compatibilityVersion = "Xcode 3.2";
			developmentRegion = English;
			hasScannedForEncodings = 0;
			knownRegions = (
				en,
			);
			mainGroup = 835710D717E18FDF004C8155;
			productRefGroup = 835710E117E18FDF004C8155 /* Products */;
			projectDirPath = "";
			projectRoot = "";
			targets = (
				835710DF17E18FDF004C8155 /* CXAlertViewDemo */,
			);
		};
/* End PBXProject section */

/* Begin PBXResourcesBuildPhase section */
		835710DE17E18FDF004C8155 /* Resources */ = {
			isa = PBXResourcesBuildPhase;
			buildActionMask = 2147483647;
			files = (
				835710EE17E18FDF004C8155 /* InfoPlist.strings in Resources */,
				835710F617E18FDF004C8155 /* Default.png in Resources */,
				835710F817E18FDF004C8155 /* Default@2x.png in Resources */,
				835710FA17E18FDF004C8155 /* Default-568h@2x.png in Resources */,
				8357110017E18FDF004C8155 /* CXViewController.xib in Resources */,
				83AB028A17F2C26E005E51C4 /* bkg.png in Resources */,
				83AB028C17F2C439005E51C4 /* taipei101.jpg in Resources */,
				83E10DD717F549F400BC5D18 /* bkg2.jpg in Resources */,
			);
			runOnlyForDeploymentPostprocessing = 0;
		};
/* End PBXResourcesBuildPhase section */

/* Begin PBXSourcesBuildPhase section */
		835710DC17E18FDF004C8155 /* Sources */ = {
			isa = PBXSourcesBuildPhase;
			buildActionMask = 2147483647;
			files = (
				835710F017E18FDF004C8155 /* main.m in Sources */,
				8373C0D51803702200777B0D /* LFDisplayBridge.m in Sources */,
				835710F417E18FDF004C8155 /* CXAppDelegate.m in Sources */,
				835710FD17E18FDF004C8155 /* CXViewController.m in Sources */,
				8357110917E1917D004C8155 /* CXAlertView.m in Sources */,
				83B3A84417E9B18D001BCBC6 /* CXAlertViewController.m in Sources */,
				83B3A84717E9B19E001BCBC6 /* CXAlertBackgroundWindow.m in Sources */,
				8373C0D61803702200777B0D /* LFGlassView.m in Sources */,
				83B3A84A17E9B1A7001BCBC6 /* CXAlertButtonItem.m in Sources */,
				83AB028817F2A551005E51C4 /* CXAlertButtonContainerView.m in Sources */,
			);
			runOnlyForDeploymentPostprocessing = 0;
		};
/* End PBXSourcesBuildPhase section */

/* Begin PBXVariantGroup section */
		835710EC17E18FDF004C8155 /* InfoPlist.strings */ = {
			isa = PBXVariantGroup;
			children = (
				835710ED17E18FDF004C8155 /* en */,
			);
			name = InfoPlist.strings;
			sourceTree = "<group>";
		};
		835710FE17E18FDF004C8155 /* CXViewController.xib */ = {
			isa = PBXVariantGroup;
			children = (
				835710FF17E18FDF004C8155 /* en */,
			);
			name = CXViewController.xib;
			sourceTree = "<group>";
		};
/* End PBXVariantGroup section */

/* Begin XCBuildConfiguration section */
		8357110117E18FDF004C8155 /* Debug */ = {
			isa = XCBuildConfiguration;
			buildSettings = {
				ALWAYS_SEARCH_USER_PATHS = NO;
				CLANG_CXX_LANGUAGE_STANDARD = "gnu++0x";
				CLANG_CXX_LIBRARY = "libc++";
				CLANG_ENABLE_OBJC_ARC = YES;
				CLANG_WARN_CONSTANT_CONVERSION = YES;
				CLANG_WARN_EMPTY_BODY = YES;
				CLANG_WARN_ENUM_CONVERSION = YES;
				CLANG_WARN_INT_CONVERSION = YES;
				CLANG_WARN__DUPLICATE_METHOD_MATCH = YES;
				"CODE_SIGN_IDENTITY[sdk=iphoneos*]" = "iPhone Developer";
				COPY_PHASE_STRIP = NO;
				GCC_C_LANGUAGE_STANDARD = gnu99;
				GCC_DYNAMIC_NO_PIC = NO;
				GCC_OPTIMIZATION_LEVEL = 0;
				GCC_PREPROCESSOR_DEFINITIONS = (
					"DEBUG=1",
					"$(inherited)",
				);
				GCC_SYMBOLS_PRIVATE_EXTERN = NO;
				GCC_WARN_ABOUT_RETURN_TYPE = YES;
				GCC_WARN_UNINITIALIZED_AUTOS = YES;
				GCC_WARN_UNUSED_VARIABLE = YES;
				IPHONEOS_DEPLOYMENT_TARGET = 6.1;
				ONLY_ACTIVE_ARCH = YES;
				SDKROOT = iphoneos;
			};
			name = Debug;
		};
		8357110217E18FDF004C8155 /* Release */ = {
			isa = XCBuildConfiguration;
			buildSettings = {
				ALWAYS_SEARCH_USER_PATHS = NO;
				CLANG_CXX_LANGUAGE_STANDARD = "gnu++0x";
				CLANG_CXX_LIBRARY = "libc++";
				CLANG_ENABLE_OBJC_ARC = YES;
				CLANG_WARN_CONSTANT_CONVERSION = YES;
				CLANG_WARN_EMPTY_BODY = YES;
				CLANG_WARN_ENUM_CONVERSION = YES;
				CLANG_WARN_INT_CONVERSION = YES;
				CLANG_WARN__DUPLICATE_METHOD_MATCH = YES;
				"CODE_SIGN_IDENTITY[sdk=iphoneos*]" = "iPhone Developer";
				COPY_PHASE_STRIP = YES;
				GCC_C_LANGUAGE_STANDARD = gnu99;
				GCC_WARN_ABOUT_RETURN_TYPE = YES;
				GCC_WARN_UNINITIALIZED_AUTOS = YES;
				GCC_WARN_UNUSED_VARIABLE = YES;
				IPHONEOS_DEPLOYMENT_TARGET = 6.1;
				OTHER_CFLAGS = "-DNS_BLOCK_ASSERTIONS=1";
				SDKROOT = iphoneos;
				VALIDATE_PRODUCT = YES;
			};
			name = Release;
		};
		8357110417E18FDF004C8155 /* Debug */ = {
			isa = XCBuildConfiguration;
			buildSettings = {
				GCC_PRECOMPILE_PREFIX_HEADER = YES;
				GCC_PREFIX_HEADER = "CXAlertViewDemo/CXAlertViewDemo-Prefix.pch";
				INFOPLIST_FILE = "CXAlertViewDemo/CXAlertViewDemo-Info.plist";
				IPHONEOS_DEPLOYMENT_TARGET = 5.0;
				PRODUCT_NAME = "$(TARGET_NAME)";
				WRAPPER_EXTENSION = app;
			};
			name = Debug;
		};
		8357110517E18FDF004C8155 /* Release */ = {
			isa = XCBuildConfiguration;
			buildSettings = {
				GCC_PRECOMPILE_PREFIX_HEADER = YES;
				GCC_PREFIX_HEADER = "CXAlertViewDemo/CXAlertViewDemo-Prefix.pch";
				INFOPLIST_FILE = "CXAlertViewDemo/CXAlertViewDemo-Info.plist";
				IPHONEOS_DEPLOYMENT_TARGET = 5.0;
				PRODUCT_NAME = "$(TARGET_NAME)";
				WRAPPER_EXTENSION = app;
			};
			name = Release;
		};
/* End XCBuildConfiguration section */

/* Begin XCConfigurationList section */
		835710DB17E18FDF004C8155 /* Build configuration list for PBXProject "CXAlertViewDemo" */ = {
			isa = XCConfigurationList;
			buildConfigurations = (
				8357110117E18FDF004C8155 /* Debug */,
				8357110217E18FDF004C8155 /* Release */,
			);
			defaultConfigurationIsVisible = 0;
			defaultConfigurationName = Release;
		};
		8357110317E18FDF004C8155 /* Build configuration list for PBXNativeTarget "CXAlertViewDemo" */ = {
			isa = XCConfigurationList;
			buildConfigurations = (
				8357110417E18FDF004C8155 /* Debug */,
				8357110517E18FDF004C8155 /* Release */,
			);
			defaultConfigurationIsVisible = 0;
			defaultConfigurationName = Release;
		};
/* End XCConfigurationList section */
	};
	rootObject = 835710D817E18FDF004C8155 /* Project object */;
}
